
Microsoft Visual Studio Solution File, Format Version 12.00
# Visual Studio Version 17
VisualStudioVersion = 17.13.35806.99 d17.13
MinimumVisualStudioVersion = 10.0.40219.1
Project("{FAE04EC0-301F-11D3-BF4B-00C04F79EFBC}") = "Lab3", "Lab3\Lab3.csproj", "{834C3FB9-83F4-4B05-BD20-D0F37AAFC015}"
EndProject
Global
	GlobalSection(SolutionConfigurationPlatforms) = preSolution
		Debug|Any CPU = Debug|Any CPU
		Release|Any CPU = Release|Any CPU
	EndGlobalSection
	GlobalSection(ProjectConfigurationPlatforms) = postSolution
		{834C3FB9-83F4-4B05-BD20-D0F37AAFC015}.Debug|Any CPU.ActiveCfg = Debug|Any CPU
		{834C3FB9-83F4-4B05-BD20-D0F37AAFC015}.Debug|Any CPU.Build.0 = Debug|Any CPU
		{834C3FB9-83F4-4B05-BD20-D0F37AAFC015}.Release|Any CPU.ActiveCfg = Release|Any CPU
		{834C3FB9-83F4-4B05-BD20-D0F37AAFC015}.Release|Any CPU.Build.0 = Release|Any CPU
	EndGlobalSection
	GlobalSection(SolutionProperties) = preSolution
		HideSolutionNode = FALSE
	EndGlobalSection
	GlobalSection(ExtensibilityGlobals) = postSolution
		SolutionGuid = {E38BFEED-7C00-4ECA-B2B6-481963BB3978}
	EndGlobalSection
EndGlobal
